
Microsoft Visual Studio Solution File, Format Version 12.00
# Visual Studio Version 16
VisualStudioVersion = 16.0.31515.178
MinimumVisualStudioVersion = 10.0.40219.1
Project("{FAE04EC0-301F-11D3-BF4B-00C04F79EFBC}") = "Login 2", "Login 2\Login 2.csproj", "{800805CC-3D5D-4B15-AB3C-EADA72EFFA82}"
EndProject
Global
	GlobalSection(SolutionConfigurationPlatforms) = preSolution
		Debug|Any CPU = Debug|Any CPU
		Release|Any CPU = Release|Any CPU
	EndGlobalSection
	GlobalSection(ProjectConfigurationPlatforms) = postSolution
		{800805CC-3D5D-4B15-AB3C-EADA72EFFA82}.Debug|Any CPU.ActiveCfg = Debug|Any CPU
		{800805CC-3D5D-4B15-AB3C-EADA72EFFA82}.Debug|Any CPU.Build.0 = Debug|Any CPU
		{800805CC-3D5D-4B15-AB3C-EADA72EFFA82}.Release|Any CPU.ActiveCfg = Release|Any CPU
		{800805CC-3D5D-4B15-AB3C-EADA72EFFA82}.Release|Any CPU.Build.0 = Release|Any CPU
	EndGlobalSection
	GlobalSection(SolutionProperties) = preSolution
		HideSolutionNode = FALSE
	EndGlobalSection
	GlobalSection(ExtensibilityGlobals) = postSolution
		SolutionGuid = {B4DD91CA-B5F0-4727-8E03-497FE860B720}
	EndGlobalSection
EndGlobal
